
Microsoft Visual Studio Solution File, Format Version 12.00
# Visual Studio Version 17
VisualStudioVersion = 17.13.35806.99 d17.13
MinimumVisualStudioVersion = 10.0.40219.1
Project("{FAE04EC0-301F-11D3-BF4B-00C04F79EFBC}") = "OOAD", "OOAD\OOAD.csproj", "{F31EFC1A-4364-40CE-8460-CE10B88ED3CA}"
EndProject
Global
	GlobalSection(SolutionConfigurationPlatforms) = preSolution
		Debug|Any CPU = Debug|Any CPU
		Release|Any CPU = Release|Any CPU
	EndGlobalSection
	GlobalSection(ProjectConfigurationPlatforms) = postSolution
		{F31EFC1A-4364-40CE-8460-CE10B88ED3CA}.Debug|Any CPU.ActiveCfg = Debug|Any CPU
		{F31EFC1A-4364-40CE-8460-CE10B88ED3CA}.Debug|Any CPU.Build.0 = Debug|Any CPU
		{F31EFC1A-4364-40CE-8460-CE10B88ED3CA}.Release|Any CPU.ActiveCfg = Release|Any CPU
		{F31EFC1A-4364-40CE-8460-CE10B88ED3CA}.Release|Any CPU.Build.0 = Release|Any CPU
	EndGlobalSection
	GlobalSection(SolutionProperties) = preSolution
		HideSolutionNode = FALSE
	EndGlobalSection
	GlobalSection(ExtensibilityGlobals) = postSolution
		SolutionGuid = {CDD1F616-E6E9-4475-AF57-2CF1642B7F8F}
	EndGlobalSection
EndGlobal
